// !$*UTF8*$!
{
	archiveVersion = 1;
	classes = {
	};
	objectVersion = 51;
	objects = {

/* Begin PBXBuildFile section */
		3D7735D22674C4DD00B22780 /* art.scnassets in Resources */ = {isa = PBXBuildFile; fileRef = 3D7735D12674C4DD00B22780 /* art.scnassets */; };
		3D7735D62675308E00B22780 /* deedSheet.csv in Resources */ = {isa = PBXBuildFile; fileRef = 3D7735D42675308E00B22780 /* deedSheet.csv */; };
		3D7735D72675308E00B22780 /* MapInfoSheet.csv in Resources */ = {isa = PBXBuildFile; fileRef = 3D7735D52675308E00B22780 /* MapInfoSheet.csv */; };
		3D7735DA2675311400B22780 /* Shaders.metal in Sources */ = {isa = PBXBuildFile; fileRef = 3D7735D82675311400B22780 /* Shaders.metal */; };
		3D7735DB2675311400B22780 /* CsvReader.swift in Sources */ = {isa = PBXBuildFile; fileRef = 3D7735D92675311400B22780 /* CsvReader.swift */; };
		3D7735DF2675313000B22780 /* EstateCards.swift in Sources */ = {isa = PBXBuildFile; fileRef = 3D7735DC2675313000B22780 /* EstateCards.swift */; };
		3D7735E02675313000B22780 /* MapInfo.swift in Sources */ = {isa = PBXBuildFile; fileRef = 3D7735DD2675313000B22780 /* MapInfo.swift */; };
		3D7735E12675313000B22780 /* Mover.swift in Sources */ = {isa = PBXBuildFile; fileRef = 3D7735DE2675313000B22780 /* Mover.swift */; };
		3D7735E42675313F00B22780 /* SceneViewModel.swift in Sources */ = {isa = PBXBuildFile; fileRef = 3D7735E22675313F00B22780 /* SceneViewModel.swift */; };
		3D7735E52675313F00B22780 /* GameViewModel.swift in Sources */ = {isa = PBXBuildFile; fileRef = 3D7735E32675313F00B22780 /* GameViewModel.swift */; };
		3D7735E82675314C00B22780 /* testFuncView.swift in Sources */ = {isa = PBXBuildFile; fileRef = 3D7735E62675314C00B22780 /* testFuncView.swift */; };
		3D7735E92675314C00B22780 /* testSceneView.swift in Sources */ = {isa = PBXBuildFile; fileRef = 3D7735E72675314C00B22780 /* testSceneView.swift */; };
		3D7735EB2675315800B22780 /* GameSceneView.swift in Sources */ = {isa = PBXBuildFile; fileRef = 3D7735EA2675315800B22780 /* GameSceneView.swift */; };
		3D7735ED267548B500B22780 /* GameRoom.swift in Sources */ = {isa = PBXBuildFile; fileRef = 3D7735EC267548B500B22780 /* GameRoom.swift */; };
		3DD018AE2672500E00C7E4EC /* Assets.xcassets in Resources */ = {isa = PBXBuildFile; fileRef = 3DD018AD2672500E00C7E4EC /* Assets.xcassets */; };
		3DD018B12672500E00C7E4EC /* Preview Assets.xcassets in Resources */ = {isa = PBXBuildFile; fileRef = 3DD018B02672500E00C7E4EC /* Preview Assets.xcassets */; };
		3DD018DD2672511000C7E4EC /* assetsNames.swift in Sources */ = {isa = PBXBuildFile; fileRef = 3DD018C42672510F00C7E4EC /* assetsNames.swift */; };
		3DD018DE2672511000C7E4EC /* AppDelegate.swift in Sources */ = {isa = PBXBuildFile; fileRef = 3DD018C52672510F00C7E4EC /* AppDelegate.swift */; };
		3DD018DF2672511000C7E4EC /* FirebaseViewModels.swift in Sources */ = {isa = PBXBuildFile; fileRef = 3DD018C72672511000C7E4EC /* FirebaseViewModels.swift */; };
		3DD018E02672511000C7E4EC /* Player.swift in Sources */ = {isa = PBXBuildFile; fileRef = 3DD018C92672511000C7E4EC /* Player.swift */; };
		3DD018E12672511000C7E4EC /* Stack.swift in Sources */ = {isa = PBXBuildFile; fileRef = 3DD018CB2672511000C7E4EC /* Stack.swift */; };
		3DD018E22672511000C7E4EC /* Extension_CreateAvatarPage.swift in Sources */ = {isa = PBXBuildFile; fileRef = 3DD018CC2672511000C7E4EC /* Extension_CreateAvatarPage.swift */; };
		3DD018E32672511000C7E4EC /* AuthServices.swift in Sources */ = {isa = PBXBuildFile; fileRef = 3DD018CD2672511000C7E4EC /* AuthServices.swift */; };
		3DD018E42672511000C7E4EC /* ViewSnapShot.swift in Sources */ = {isa = PBXBuildFile; fileRef = 3DD018CE2672511000C7E4EC /* ViewSnapShot.swift */; };
		3DD018E52672511000C7E4EC /* FirebaseServices.swift in Sources */ = {isa = PBXBuildFile; fileRef = 3DD018CF2672511000C7E4EC /* FirebaseServices.swift */; };
		3DD018E62672511000C7E4EC /* UploadPhoto.swift in Sources */ = {isa = PBXBuildFile; fileRef = 3DD018D02672511000C7E4EC /* UploadPhoto.swift */; };
		3DD018E72672511000C7E4EC /* Extension_LoginPage.swift in Sources */ = {isa = PBXBuildFile; fileRef = 3DD018D12672511000C7E4EC /* Extension_LoginPage.swift */; };
		3DD018E82672511000C7E4EC /* Extension_SignUpPage.swift in Sources */ = {isa = PBXBuildFile; fileRef = 3DD018D22672511000C7E4EC /* Extension_SignUpPage.swift */; };
		3DD018E92672511000C7E4EC /* SignUpPage.swift in Sources */ = {isa = PBXBuildFile; fileRef = 3DD018D42672511000C7E4EC /* SignUpPage.swift */; };
		3DD018EA2672511000C7E4EC /* CreateAvatarPage.swift in Sources */ = {isa = PBXBuildFile; fileRef = 3DD018D52672511000C7E4EC /* CreateAvatarPage.swift */; };
		3DD018EB2672511000C7E4EC /* PagesControl.swift in Sources */ = {isa = PBXBuildFile; fileRef = 3DD018D62672511000C7E4EC /* PagesControl.swift */; };
		3DD018EC2672511000C7E4EC /* HomePage.swift in Sources */ = {isa = PBXBuildFile; fileRef = 3DD018D72672511000C7E4EC /* HomePage.swift */; };
		3DD018ED2672511000C7E4EC /* FinalProjectApp.swift in Sources */ = {isa = PBXBuildFile; fileRef = 3DD018D82672511000C7E4EC /* FinalProjectApp.swift */; };
		3DD018EE2672511000C7E4EC /* LoginPage.swift in Sources */ = {isa = PBXBuildFile; fileRef = 3DD018D92672511000C7E4EC /* LoginPage.swift */; };
		3DD018EF2672511000C7E4EC /* ProfilePage.swift in Sources */ = {isa = PBXBuildFile; fileRef = 3DD018DA2672511000C7E4EC /* ProfilePage.swift */; };
		3DD018F02672511000C7E4EC /* ContentView.swift in Sources */ = {isa = PBXBuildFile; fileRef = 3DD018DB2672511000C7E4EC /* ContentView.swift */; };
		3DD018F12672511000C7E4EC /* CharactorPage.swift in Sources */ = {isa = PBXBuildFile; fileRef = 3DD018DC2672511000C7E4EC /* CharactorPage.swift */; };
		3DD018F5267251BE00C7E4EC /* GoogleService-Info.plist in Resources */ = {isa = PBXBuildFile; fileRef = 3DD018F4267251BD00C7E4EC /* GoogleService-Info.plist */; };
		4F991D8CC2AF04A0B3A0BA51 /* Pods_MonopolyGame.framework in Frameworks */ = {isa = PBXBuildFile; fileRef = 437805A61466832FB6F08EA4 /* Pods_MonopolyGame.framework */; };
/* End PBXBuildFile section */

/* Begin PBXFileReference section */
		3D7735D12674C4DD00B22780 /* art.scnassets */ = {isa = PBXFileReference; lastKnownFileType = wrapper.scnassets; path = art.scnassets; sourceTree = "<group>"; };
		3D7735D42675308E00B22780 /* deedSheet.csv */ = {isa = PBXFileReference; fileEncoding = 4; lastKnownFileType = text; path = deedSheet.csv; sourceTree = "<group>"; };
		3D7735D52675308E00B22780 /* MapInfoSheet.csv */ = {isa = PBXFileReference; fileEncoding = 4; lastKnownFileType = text; path = MapInfoSheet.csv; sourceTree = "<group>"; };
		3D7735D82675311400B22780 /* Shaders.metal */ = {isa = PBXFileReference; fileEncoding = 4; lastKnownFileType = sourcecode.metal; path = Shaders.metal; sourceTree = "<group>"; };
		3D7735D92675311400B22780 /* CsvReader.swift */ = {isa = PBXFileReference; fileEncoding = 4; lastKnownFileType = sourcecode.swift; path = CsvReader.swift; sourceTree = "<group>"; };
		3D7735DC2675313000B22780 /* EstateCards.swift */ = {isa = PBXFileReference; fileEncoding = 4; lastKnownFileType = sourcecode.swift; path = EstateCards.swift; sourceTree = "<group>"; };
		3D7735DD2675313000B22780 /* MapInfo.swift */ = {isa = PBXFileReference; fileEncoding = 4; lastKnownFileType = sourcecode.swift; path = MapInfo.swift; sourceTree = "<group>"; };
		3D7735DE2675313000B22780 /* Mover.swift */ = {isa = PBXFileReference; fileEncoding = 4; lastKnownFileType = sourcecode.swift; path = Mover.swift; sourceTree = "<group>"; };
		3D7735E22675313F00B22780 /* SceneViewModel.swift */ = {isa = PBXFileReference; fileEncoding = 4; lastKnownFileType = sourcecode.swift; path = SceneViewModel.swift; sourceTree = "<group>"; };
		3D7735E32675313F00B22780 /* GameViewModel.swift */ = {isa = PBXFileReference; fileEncoding = 4; lastKnownFileType = sourcecode.swift; path = GameViewModel.swift; sourceTree = "<group>"; };
		3D7735E62675314C00B22780 /* testFuncView.swift */ = {isa = PBXFileReference; fileEncoding = 4; lastKnownFileType = sourcecode.swift; path = testFuncView.swift; sourceTree = "<group>"; };
		3D7735E72675314C00B22780 /* testSceneView.swift */ = {isa = PBXFileReference; fileEncoding = 4; lastKnownFileType = sourcecode.swift; path = testSceneView.swift; sourceTree = "<group>"; };
		3D7735EA2675315800B22780 /* GameSceneView.swift */ = {isa = PBXFileReference; fileEncoding = 4; lastKnownFileType = sourcecode.swift; path = GameSceneView.swift; sourceTree = "<group>"; };
		3D7735EC267548B500B22780 /* GameRoom.swift */ = {isa = PBXFileReference; lastKnownFileType = sourcecode.swift; path = GameRoom.swift; sourceTree = "<group>"; };
		3DD018A62672500A00C7E4EC /* MonopolyGame.app */ = {isa = PBXFileReference; explicitFileType = wrapper.application; includeInIndex = 0; path = MonopolyGame.app; sourceTree = BUILT_PRODUCTS_DIR; };
		3DD018AD2672500E00C7E4EC /* Assets.xcassets */ = {isa = PBXFileReference; lastKnownFileType = folder.assetcatalog; path = Assets.xcassets; sourceTree = "<group>"; };
		3DD018B02672500E00C7E4EC /* Preview Assets.xcassets */ = {isa = PBXFileReference; lastKnownFileType = folder.assetcatalog; path = "Preview Assets.xcassets"; sourceTree = "<group>"; };
		3DD018B22672500E00C7E4EC /* Info.plist */ = {isa = PBXFileReference; lastKnownFileType = text.plist.xml; path = Info.plist; sourceTree = "<group>"; };
		3DD018C42672510F00C7E4EC /* assetsNames.swift */ = {isa = PBXFileReference; fileEncoding = 4; lastKnownFileType = sourcecode.swift; path = assetsNames.swift; sourceTree = "<group>"; };
		3DD018C52672510F00C7E4EC /* AppDelegate.swift */ = {isa = PBXFileReference; fileEncoding = 4; lastKnownFileType = sourcecode.swift; path = AppDelegate.swift; sourceTree = "<group>"; };
		3DD018C72672511000C7E4EC /* FirebaseViewModels.swift */ = {isa = PBXFileReference; fileEncoding = 4; lastKnownFileType = sourcecode.swift; path = FirebaseViewModels.swift; sourceTree = "<group>"; };
		3DD018C92672511000C7E4EC /* Player.swift */ = {isa = PBXFileReference; fileEncoding = 4; lastKnownFileType = sourcecode.swift; path = Player.swift; sourceTree = "<group>"; };
		3DD018CB2672511000C7E4EC /* Stack.swift */ = {isa = PBXFileReference; fileEncoding = 4; lastKnownFileType = sourcecode.swift; path = Stack.swift; sourceTree = "<group>"; };
		3DD018CC2672511000C7E4EC /* Extension_CreateAvatarPage.swift */ = {isa = PBXFileReference; fileEncoding = 4; lastKnownFileType = sourcecode.swift; path = Extension_CreateAvatarPage.swift; sourceTree = "<group>"; };
		3DD018CD2672511000C7E4EC /* AuthServices.swift */ = {isa = PBXFileReference; fileEncoding = 4; lastKnownFileType = sourcecode.swift; path = AuthServices.swift; sourceTree = "<group>"; };
		3DD018CE2672511000C7E4EC /* ViewSnapShot.swift */ = {isa = PBXFileReference; fileEncoding = 4; lastKnownFileType = sourcecode.swift; path = ViewSnapShot.swift; sourceTree = "<group>"; };
		3DD018CF2672511000C7E4EC /* FirebaseServices.swift */ = {isa = PBXFileReference; fileEncoding = 4; lastKnownFileType = sourcecode.swift; path = FirebaseServices.swift; sourceTree = "<group>"; };
		3DD018D02672511000C7E4EC /* UploadPhoto.swift */ = {isa = PBXFileReference; fileEncoding = 4; lastKnownFileType = sourcecode.swift; path = UploadPhoto.swift; sourceTree = "<group>"; };
		3DD018D12672511000C7E4EC /* Extension_LoginPage.swift */ = {isa = PBXFileReference; fileEncoding = 4; lastKnownFileType = sourcecode.swift; path = Extension_LoginPage.swift; sourceTree = "<group>"; };
		3DD018D22672511000C7E4EC /* Extension_SignUpPage.swift */ = {isa = PBXFileReference; fileEncoding = 4; lastKnownFileType = sourcecode.swift; path = Extension_SignUpPage.swift; sourceTree = "<group>"; };
		3DD018D42672511000C7E4EC /* SignUpPage.swift */ = {isa = PBXFileReference; fileEncoding = 4; lastKnownFileType = sourcecode.swift; path = SignUpPage.swift; sourceTree = "<group>"; };
		3DD018D52672511000C7E4EC /* CreateAvatarPage.swift */ = {isa = PBXFileReference; fileEncoding = 4; lastKnownFileType = sourcecode.swift; path = CreateAvatarPage.swift; sourceTree = "<group>"; };
		3DD018D62672511000C7E4EC /* PagesControl.swift */ = {isa = PBXFileReference; fileEncoding = 4; lastKnownFileType = sourcecode.swift; path = PagesControl.swift; sourceTree = "<group>"; };
		3DD018D72672511000C7E4EC /* HomePage.swift */ = {isa = PBXFileReference; fileEncoding = 4; lastKnownFileType = sourcecode.swift; path = HomePage.swift; sourceTree = "<group>"; };
		3DD018D82672511000C7E4EC /* FinalProjectApp.swift */ = {isa = PBXFileReference; fileEncoding = 4; lastKnownFileType = sourcecode.swift; path = FinalProjectApp.swift; sourceTree = "<group>"; };
		3DD018D92672511000C7E4EC /* LoginPage.swift */ = {isa = PBXFileReference; fileEncoding = 4; lastKnownFileType = sourcecode.swift; path = LoginPage.swift; sourceTree = "<group>"; };
		3DD018DA2672511000C7E4EC /* ProfilePage.swift */ = {isa = PBXFileReference; fileEncoding = 4; lastKnownFileType = sourcecode.swift; path = ProfilePage.swift; sourceTree = "<group>"; };
		3DD018DB2672511000C7E4EC /* ContentView.swift */ = {isa = PBXFileReference; fileEncoding = 4; lastKnownFileType = sourcecode.swift; path = ContentView.swift; sourceTree = "<group>"; };
		3DD018DC2672511000C7E4EC /* CharactorPage.swift */ = {isa = PBXFileReference; fileEncoding = 4; lastKnownFileType = sourcecode.swift; path = CharactorPage.swift; sourceTree = "<group>"; };
		3DD018F4267251BD00C7E4EC /* GoogleService-Info.plist */ = {isa = PBXFileReference; fileEncoding = 4; lastKnownFileType = text.plist.xml; path = "GoogleService-Info.plist"; sourceTree = "<group>"; };
		437805A61466832FB6F08EA4 /* Pods_MonopolyGame.framework */ = {isa = PBXFileReference; explicitFileType = wrapper.framework; includeInIndex = 0; path = Pods_MonopolyGame.framework; sourceTree = BUILT_PRODUCTS_DIR; };
		C711E027E57D16B3A6683731 /* Pods-MonopolyGame.release.xcconfig */ = {isa = PBXFileReference; includeInIndex = 1; lastKnownFileType = text.xcconfig; name = "Pods-MonopolyGame.release.xcconfig"; path = "Target Support Files/Pods-MonopolyGame/Pods-MonopolyGame.release.xcconfig"; sourceTree = "<group>"; };
		D462249B411D7377756439C6 /* Pods-MonopolyGame.debug.xcconfig */ = {isa = PBXFileReference; includeInIndex = 1; lastKnownFileType = text.xcconfig; name = "Pods-MonopolyGame.debug.xcconfig"; path = "Target Support Files/Pods-MonopolyGame/Pods-MonopolyGame.debug.xcconfig"; sourceTree = "<group>"; };
/* End PBXFileReference section */

/* Begin PBXFrameworksBuildPhase section */
		3DD018A32672500A00C7E4EC /* Frameworks */ = {
			isa = PBXFrameworksBuildPhase;
			buildActionMask = 2147483647;
			files = (
				4F991D8CC2AF04A0B3A0BA51 /* Pods_MonopolyGame.framework in Frameworks */,
			);
			runOnlyForDeploymentPostprocessing = 0;
		};
/* End PBXFrameworksBuildPhase section */

/* Begin PBXGroup section */
		3D7735D32674CC2300B22780 /* TestViews */ = {
			isa = PBXGroup;
			children = (
				3D7735E62675314C00B22780 /* testFuncView.swift */,
				3D7735E72675314C00B22780 /* testSceneView.swift */,
				3DD018DB2672511000C7E4EC /* ContentView.swift */,
			);
			path = TestViews;
			sourceTree = "<group>";
		};
		3DD0189D2672500A00C7E4EC = {
			isa = PBXGroup;
			children = (
				3DD018A82672500A00C7E4EC /* MonopolyGame */,
				3DD018A72672500A00C7E4EC /* Products */,
				71776A5D109A8B636CF3626F /* Pods */,
				78F9E4DE6C3C875F95B08499 /* Frameworks */,
			);
			sourceTree = "<group>";
		};
		3DD018A72672500A00C7E4EC /* Products */ = {
			isa = PBXGroup;
			children = (
				3DD018A62672500A00C7E4EC /* MonopolyGame.app */,
			);
			name = Products;
			sourceTree = "<group>";
		};
		3DD018A82672500A00C7E4EC /* MonopolyGame */ = {
			isa = PBXGroup;
			children = (
				3D7735D42675308E00B22780 /* deedSheet.csv */,
				3D7735D52675308E00B22780 /* MapInfoSheet.csv */,
				3DD018C52672510F00C7E4EC /* AppDelegate.swift */,
				3DD018C42672510F00C7E4EC /* assetsNames.swift */,
				3DD018CA2672511000C7E4EC /* Services */,
				3DD018C82672511000C7E4EC /* Models */,
				3DD018C62672511000C7E4EC /* ViewModels */,
				3D7735D32674CC2300B22780 /* TestViews */,
				3DD018D32672511000C7E4EC /* Views */,
				3DD018AD2672500E00C7E4EC /* Assets.xcassets */,
				3D7735D12674C4DD00B22780 /* art.scnassets */,
				3DD018B22672500E00C7E4EC /* Info.plist */,
				3DD018F4267251BD00C7E4EC /* GoogleService-Info.plist */,
				3DD018AF2672500E00C7E4EC /* Preview Content */,
			);
			path = MonopolyGame;
			sourceTree = "<group>";
		};
		3DD018AF2672500E00C7E4EC /* Preview Content */ = {
			isa = PBXGroup;
			children = (
				3DD018B02672500E00C7E4EC /* Preview Assets.xcassets */,
			);
			path = "Preview Content";
			sourceTree = "<group>";
		};
		3DD018C62672511000C7E4EC /* ViewModels */ = {
			isa = PBXGroup;
			children = (
				3D7735E32675313F00B22780 /* GameViewModel.swift */,
				3D7735E22675313F00B22780 /* SceneViewModel.swift */,
				3DD018C72672511000C7E4EC /* FirebaseViewModels.swift */,
			);
			path = ViewModels;
			sourceTree = "<group>";
		};
		3DD018C82672511000C7E4EC /* Models */ = {
			isa = PBXGroup;
			children = (
				3D7735DC2675313000B22780 /* EstateCards.swift */,
				3D7735DD2675313000B22780 /* MapInfo.swift */,
				3D7735DE2675313000B22780 /* Mover.swift */,
				3DD018C92672511000C7E4EC /* Player.swift */,
				3D7735EC267548B500B22780 /* GameRoom.swift */,
			);
			path = Models;
			sourceTree = "<group>";
		};
		3DD018CA2672511000C7E4EC /* Services */ = {
			isa = PBXGroup;
			children = (
				3D7735D82675311400B22780 /* Shaders.metal */,
				3D7735D92675311400B22780 /* CsvReader.swift */,
				3DD018CB2672511000C7E4EC /* Stack.swift */,
				3DD018CD2672511000C7E4EC /* AuthServices.swift */,
				3DD018CE2672511000C7E4EC /* ViewSnapShot.swift */,
				3DD018CF2672511000C7E4EC /* FirebaseServices.swift */,
				3DD018D02672511000C7E4EC /* UploadPhoto.swift */,
				3DD018CC2672511000C7E4EC /* Extension_CreateAvatarPage.swift */,
				3DD018D12672511000C7E4EC /* Extension_LoginPage.swift */,
				3DD018D22672511000C7E4EC /* Extension_SignUpPage.swift */,
			);
			path = Services;
			sourceTree = "<group>";
		};
		3DD018D32672511000C7E4EC /* Views */ = {
			isa = PBXGroup;
			children = (
				3DD018D82672511000C7E4EC /* FinalProjectApp.swift */,
				3DD018D62672511000C7E4EC /* PagesControl.swift */,
				3DD018D42672511000C7E4EC /* SignUpPage.swift */,
				3DD018D52672511000C7E4EC /* CreateAvatarPage.swift */,
				3DD018D72672511000C7E4EC /* HomePage.swift */,
				3DD018D92672511000C7E4EC /* LoginPage.swift */,
				3DD018DA2672511000C7E4EC /* ProfilePage.swift */,
				3DD018DC2672511000C7E4EC /* CharactorPage.swift */,
				3D7735EA2675315800B22780 /* GameSceneView.swift */,
			);
			path = Views;
			sourceTree = "<group>";
		};
		71776A5D109A8B636CF3626F /* Pods */ = {
			isa = PBXGroup;
			children = (
				D462249B411D7377756439C6 /* Pods-MonopolyGame.debug.xcconfig */,
				C711E027E57D16B3A6683731 /* Pods-MonopolyGame.release.xcconfig */,
			);
			path = Pods;
			sourceTree = "<group>";
		};
		78F9E4DE6C3C875F95B08499 /* Frameworks */ = {
			isa = PBXGroup;
			children = (
				437805A61466832FB6F08EA4 /* Pods_MonopolyGame.framework */,
			);
			name = Frameworks;
			sourceTree = "<group>";
		};
/* End PBXGroup section */

/* Begin PBXNativeTarget section */
		3DD018A52672500A00C7E4EC /* MonopolyGame */ = {
			isa = PBXNativeTarget;
			buildConfigurationList = 3DD018B52672500E00C7E4EC /* Build configuration list for PBXNativeTarget "MonopolyGame" */;
			buildPhases = (
				A8EB0C11A7BD33A8988C58FF /* [CP] Check Pods Manifest.lock */,
				3DD018A22672500A00C7E4EC /* Sources */,
				3DD018A32672500A00C7E4EC /* Frameworks */,
				3DD018A42672500A00C7E4EC /* Resources */,
				1DF6BAB965B732B6D268F199 /* [CP] Embed Pods Frameworks */,
				4EB462BA3CDB4A27CF48B210 /* [CP] Copy Pods Resources */,
			);
			buildRules = (
			);
			dependencies = (
			);
			name = MonopolyGame;
			productName = MonopolyGame;
			productReference = 3DD018A62672500A00C7E4EC /* MonopolyGame.app */;
			productType = "com.apple.product-type.application";
		};
/* End PBXNativeTarget section */

/* Begin PBXProject section */
		3DD0189E2672500A00C7E4EC /* Project object */ = {
			isa = PBXProject;
			attributes = {
				LastSwiftUpdateCheck = 1250;
				LastUpgradeCheck = 1250;
				TargetAttributes = {
					3DD018A52672500A00C7E4EC = {
						CreatedOnToolsVersion = 12.5;
						LastSwiftMigration = 1250;
					};
				};
			};
			buildConfigurationList = 3DD018A12672500A00C7E4EC /* Build configuration list for PBXProject "MonopolyGame" */;
			compatibilityVersion = "Xcode 9.3";
			developmentRegion = en;
			hasScannedForEncodings = 0;
			knownRegions = (
				en,
				Base,
			);
			mainGroup = 3DD0189D2672500A00C7E4EC;
			productRefGroup = 3DD018A72672500A00C7E4EC /* Products */;
			projectDirPath = "";
			projectRoot = "";
			targets = (
				3DD018A52672500A00C7E4EC /* MonopolyGame */,
			);
		};
/* End PBXProject section */

/* Begin PBXResourcesBuildPhase section */
		3DD018A42672500A00C7E4EC /* Resources */ = {
			isa = PBXResourcesBuildPhase;
			buildActionMask = 2147483647;
			files = (
				3DD018B12672500E00C7E4EC /* Preview Assets.xcassets in Resources */,
				3D7735D72675308E00B22780 /* MapInfoSheet.csv in Resources */,
				3D7735D22674C4DD00B22780 /* art.scnassets in Resources */,
				3DD018AE2672500E00C7E4EC /* Assets.xcassets in Resources */,
				3DD018F5267251BE00C7E4EC /* GoogleService-Info.plist in Resources */,
				3D7735D62675308E00B22780 /* deedSheet.csv in Resources */,
			);
			runOnlyForDeploymentPostprocessing = 0;
		};
/* End PBXResourcesBuildPhase section */

/* Begin PBXShellScriptBuildPhase section */
		1DF6BAB965B732B6D268F199 /* [CP] Embed Pods Frameworks */ = {
			isa = PBXShellScriptBuildPhase;
			buildActionMask = 2147483647;
			files = (
			);
			inputFileListPaths = (
				"${PODS_ROOT}/Target Support Files/Pods-MonopolyGame/Pods-MonopolyGame-frameworks-${CONFIGURATION}-input-files.xcfilelist",
			);
			name = "[CP] Embed Pods Frameworks";
			outputFileListPaths = (
				"${PODS_ROOT}/Target Support Files/Pods-MonopolyGame/Pods-MonopolyGame-frameworks-${CONFIGURATION}-output-files.xcfilelist",
			);
			runOnlyForDeploymentPostprocessing = 0;
			shellPath = /bin/sh;
			shellScript = "\"${PODS_ROOT}/Target Support Files/Pods-MonopolyGame/Pods-MonopolyGame-frameworks.sh\"\n";
			showEnvVarsInLog = 0;
		};
		4EB462BA3CDB4A27CF48B210 /* [CP] Copy Pods Resources */ = {
			isa = PBXShellScriptBuildPhase;
			buildActionMask = 2147483647;
			files = (
			);
			inputFileListPaths = (
				"${PODS_ROOT}/Target Support Files/Pods-MonopolyGame/Pods-MonopolyGame-resources-${CONFIGURATION}-input-files.xcfilelist",
			);
			name = "[CP] Copy Pods Resources";
			outputFileListPaths = (
				"${PODS_ROOT}/Target Support Files/Pods-MonopolyGame/Pods-MonopolyGame-resources-${CONFIGURATION}-output-files.xcfilelist",
			);
			runOnlyForDeploymentPostprocessing = 0;
			shellPath = /bin/sh;
			shellScript = "\"${PODS_ROOT}/Target Support Files/Pods-MonopolyGame/Pods-MonopolyGame-resources.sh\"\n";
			showEnvVarsInLog = 0;
		};
		A8EB0C11A7BD33A8988C58FF /* [CP] Check Pods Manifest.lock */ = {
			isa = PBXShellScriptBuildPhase;
			buildActionMask = 2147483647;
			files = (
			);
			inputFileListPaths = (
			);
			inputPaths = (
				"${PODS_PODFILE_DIR_PATH}/Podfile.lock",
				"${PODS_ROOT}/Manifest.lock",
			);
			name = "[CP] Check Pods Manifest.lock";
			outputFileListPaths = (
			);
			outputPaths = (
				"$(DERIVED_FILE_DIR)/Pods-MonopolyGame-checkManifestLockResult.txt",
			);
			runOnlyForDeploymentPostprocessing = 0;
			shellPath = /bin/sh;
			shellScript = "diff \"${PODS_PODFILE_DIR_PATH}/Podfile.lock\" \"${PODS_ROOT}/Manifest.lock\" > /dev/null\nif [ $? != 0 ] ; then\n    # print error to STDERR\n    echo \"error: The sandbox is not in sync with the Podfile.lock. Run 'pod install' or update your CocoaPods installation.\" >&2\n    exit 1\nfi\n# This output is used by Xcode 'outputs' to avoid re-running this script phase.\necho \"SUCCESS\" > \"${SCRIPT_OUTPUT_FILE_0}\"\n";
			showEnvVarsInLog = 0;
		};
/* End PBXShellScriptBuildPhase section */

/* Begin PBXSourcesBuildPhase section */
		3DD018A22672500A00C7E4EC /* Sources */ = {
			isa = PBXSourcesBuildPhase;
			buildActionMask = 2147483647;
			files = (
				3D7735ED267548B500B22780 /* GameRoom.swift in Sources */,
				3DD018E92672511000C7E4EC /* SignUpPage.swift in Sources */,
				3DD018EF2672511000C7E4EC /* ProfilePage.swift in Sources */,
				3DD018EB2672511000C7E4EC /* PagesControl.swift in Sources */,
				3DD018EA2672511000C7E4EC /* CreateAvatarPage.swift in Sources */,
				3DD018E82672511000C7E4EC /* Extension_SignUpPage.swift in Sources */,
				3DD018E42672511000C7E4EC /* ViewSnapShot.swift in Sources */,
				3DD018F02672511000C7E4EC /* ContentView.swift in Sources */,
				3DD018ED2672511000C7E4EC /* FinalProjectApp.swift in Sources */,
				3D7735DA2675311400B22780 /* Shaders.metal in Sources */,
				3D7735E42675313F00B22780 /* SceneViewModel.swift in Sources */,
				3DD018E22672511000C7E4EC /* Extension_CreateAvatarPage.swift in Sources */,
				3D7735EB2675315800B22780 /* GameSceneView.swift in Sources */,
				3D7735E92675314C00B22780 /* testSceneView.swift in Sources */,
				3DD018E52672511000C7E4EC /* FirebaseServices.swift in Sources */,
				3D7735E12675313000B22780 /* Mover.swift in Sources */,
				3D7735DB2675311400B22780 /* CsvReader.swift in Sources */,
				3DD018E02672511000C7E4EC /* Player.swift in Sources */,
				3DD018E32672511000C7E4EC /* AuthServices.swift in Sources */,
				3D7735E02675313000B22780 /* MapInfo.swift in Sources */,
				3DD018EE2672511000C7E4EC /* LoginPage.swift in Sources */,
				3DD018E62672511000C7E4EC /* UploadPhoto.swift in Sources */,
				3DD018E12672511000C7E4EC /* Stack.swift in Sources */,
				3D7735E82675314C00B22780 /* testFuncView.swift in Sources */,
				3D7735E52675313F00B22780 /* GameViewModel.swift in Sources */,
				3DD018DE2672511000C7E4EC /* AppDelegate.swift in Sources */,
				3DD018E72672511000C7E4EC /* Extension_LoginPage.swift in Sources */,
				3DD018F12672511000C7E4EC /* CharactorPage.swift in Sources */,
				3DD018DD2672511000C7E4EC /* assetsNames.swift in Sources */,
				3DD018DF2672511000C7E4EC /* FirebaseViewModels.swift in Sources */,
				3DD018EC2672511000C7E4EC /* HomePage.swift in Sources */,
				3D7735DF2675313000B22780 /* EstateCards.swift in Sources */,
			);
			runOnlyForDeploymentPostprocessing = 0;
		};
/* End PBXSourcesBuildPhase section */

/* Begin XCBuildConfiguration section */
		3DD018B32672500E00C7E4EC /* Debug */ = {
			isa = XCBuildConfiguration;
			buildSettings = {
				ALWAYS_SEARCH_USER_PATHS = NO;
				CLANG_ANALYZER_NONNULL = YES;
				CLANG_ANALYZER_NUMBER_OBJECT_CONVERSION = YES_AGGRESSIVE;
				CLANG_CXX_LANGUAGE_STANDARD = "gnu++14";
				CLANG_CXX_LIBRARY = "libc++";
				CLANG_ENABLE_MODULES = YES;
				CLANG_ENABLE_OBJC_ARC = YES;
				CLANG_ENABLE_OBJC_WEAK = YES;
				CLANG_WARN_BLOCK_CAPTURE_AUTORELEASING = YES;
				CLANG_WARN_BOOL_CONVERSION = YES;
				CLANG_WARN_COMMA = YES;
				CLANG_WARN_CONSTANT_CONVERSION = YES;
				CLANG_WARN_DEPRECATED_OBJC_IMPLEMENTATIONS = YES;
				CLANG_WARN_DIRECT_OBJC_ISA_USAGE = YES_ERROR;
				CLANG_WARN_DOCUMENTATION_COMMENTS = YES;
				CLANG_WARN_EMPTY_BODY = YES;
				CLANG_WARN_ENUM_CONVERSION = YES;
				CLANG_WARN_INFINITE_RECURSION = YES;
				CLANG_WARN_INT_CONVERSION = YES;
				CLANG_WARN_NON_LITERAL_NULL_CONVERSION = YES;
				CLANG_WARN_OBJC_IMPLICIT_RETAIN_SELF = YES;
				CLANG_WARN_OBJC_LITERAL_CONVERSION = YES;
				CLANG_WARN_OBJC_ROOT_CLASS = YES_ERROR;
				CLANG_WARN_QUOTED_INCLUDE_IN_FRAMEWORK_HEADER = YES;
				CLANG_WARN_RANGE_LOOP_ANALYSIS = YES;
				CLANG_WARN_STRICT_PROTOTYPES = YES;
				CLANG_WARN_SUSPICIOUS_MOVE = YES;
				CLANG_WARN_UNGUARDED_AVAILABILITY = YES_AGGRESSIVE;
				CLANG_WARN_UNREACHABLE_CODE = YES;
				CLANG_WARN__DUPLICATE_METHOD_MATCH = YES;
				COPY_PHASE_STRIP = NO;
				DEBUG_INFORMATION_FORMAT = dwarf;
				ENABLE_STRICT_OBJC_MSGSEND = YES;
				ENABLE_TESTABILITY = YES;
				GCC_C_LANGUAGE_STANDARD = gnu11;
				GCC_DYNAMIC_NO_PIC = NO;
				GCC_NO_COMMON_BLOCKS = YES;
				GCC_OPTIMIZATION_LEVEL = 0;
				GCC_PREPROCESSOR_DEFINITIONS = (
					"DEBUG=1",
					"$(inherited)",
				);
				GCC_WARN_64_TO_32_BIT_CONVERSION = YES;
				GCC_WARN_ABOUT_RETURN_TYPE = YES_ERROR;
				GCC_WARN_UNDECLARED_SELECTOR = YES;
				GCC_WARN_UNINITIALIZED_AUTOS = YES_AGGRESSIVE;
				GCC_WARN_UNUSED_FUNCTION = YES;
				GCC_WARN_UNUSED_VARIABLE = YES;
				IPHONEOS_DEPLOYMENT_TARGET = 14.5;
				MTL_ENABLE_DEBUG_INFO = INCLUDE_SOURCE;
				MTL_FAST_MATH = YES;
				ONLY_ACTIVE_ARCH = YES;
				SDKROOT = iphoneos;
				SWIFT_ACTIVE_COMPILATION_CONDITIONS = DEBUG;
				SWIFT_OPTIMIZATION_LEVEL = "-Onone";
			};
			name = Debug;
		};
		3DD018B42672500E00C7E4EC /* Release */ = {
			isa = XCBuildConfiguration;
			buildSettings = {
				ALWAYS_SEARCH_USER_PATHS = NO;
				CLANG_ANALYZER_NONNULL = YES;
				CLANG_ANALYZER_NUMBER_OBJECT_CONVERSION = YES_AGGRESSIVE;
				CLANG_CXX_LANGUAGE_STANDARD = "gnu++14";
				CLANG_CXX_LIBRARY = "libc++";
				CLANG_ENABLE_MODULES = YES;
				CLANG_ENABLE_OBJC_ARC = YES;
				CLANG_ENABLE_OBJC_WEAK = YES;
				CLANG_WARN_BLOCK_CAPTURE_AUTORELEASING = YES;
				CLANG_WARN_BOOL_CONVERSION = YES;
				CLANG_WARN_COMMA = YES;
				CLANG_WARN_CONSTANT_CONVERSION = YES;
				CLANG_WARN_DEPRECATED_OBJC_IMPLEMENTATIONS = YES;
				CLANG_WARN_DIRECT_OBJC_ISA_USAGE = YES_ERROR;
				CLANG_WARN_DOCUMENTATION_COMMENTS = YES;
				CLANG_WARN_EMPTY_BODY = YES;
				CLANG_WARN_ENUM_CONVERSION = YES;
				CLANG_WARN_INFINITE_RECURSION = YES;
				CLANG_WARN_INT_CONVERSION = YES;
				CLANG_WARN_NON_LITERAL_NULL_CONVERSION = YES;
				CLANG_WARN_OBJC_IMPLICIT_RETAIN_SELF = YES;
				CLANG_WARN_OBJC_LITERAL_CONVERSION = YES;
				CLANG_WARN_OBJC_ROOT_CLASS = YES_ERROR;
				CLANG_WARN_QUOTED_INCLUDE_IN_FRAMEWORK_HEADER = YES;
				CLANG_WARN_RANGE_LOOP_ANALYSIS = YES;
				CLANG_WARN_STRICT_PROTOTYPES = YES;
				CLANG_WARN_SUSPICIOUS_MOVE = YES;
				CLANG_WARN_UNGUARDED_AVAILABILITY = YES_AGGRESSIVE;
				CLANG_WARN_UNREACHABLE_CODE = YES;
				CLANG_WARN__DUPLICATE_METHOD_MATCH = YES;
				COPY_PHASE_STRIP = NO;
				DEBUG_INFORMATION_FORMAT = "dwarf-with-dsym";
				ENABLE_NS_ASSERTIONS = NO;
				ENABLE_STRICT_OBJC_MSGSEND = YES;
				GCC_C_LANGUAGE_STANDARD = gnu11;
				GCC_NO_COMMON_BLOCKS = YES;
				GCC_WARN_64_TO_32_BIT_CONVERSION = YES;
				GCC_WARN_ABOUT_RETURN_TYPE = YES_ERROR;
				GCC_WARN_UNDECLARED_SELECTOR = YES;
				GCC_WARN_UNINITIALIZED_AUTOS = YES_AGGRESSIVE;
				GCC_WARN_UNUSED_FUNCTION = YES;
				GCC_WARN_UNUSED_VARIABLE = YES;
				IPHONEOS_DEPLOYMENT_TARGET = 14.5;
				MTL_ENABLE_DEBUG_INFO = NO;
				MTL_FAST_MATH = YES;
				SDKROOT = iphoneos;
				SWIFT_COMPILATION_MODE = wholemodule;
				SWIFT_OPTIMIZATION_LEVEL = "-O";
				VALIDATE_PRODUCT = YES;
			};
			name = Release;
		};
		3DD018B62672500E00C7E4EC /* Debug */ = {
			isa = XCBuildConfiguration;
			baseConfigurationReference = D462249B411D7377756439C6 /* Pods-MonopolyGame.debug.xcconfig */;
			buildSettings = {
				ASSETCATALOG_COMPILER_APPICON_NAME = AppIcon;
				ASSETCATALOG_COMPILER_GLOBAL_ACCENT_COLOR_NAME = AccentColor;
				CLANG_ENABLE_MODULES = YES;
				CODE_SIGN_STYLE = Automatic;
				DEVELOPMENT_ASSET_PATHS = "\"MonopolyGame/Preview Content\"";
				DEVELOPMENT_TEAM = HS7484V4CG;
				ENABLE_PREVIEWS = YES;
				INFOPLIST_FILE = MonopolyGame/Info.plist;
				IPHONEOS_DEPLOYMENT_TARGET = 14.0;
				LD_RUNPATH_SEARCH_PATHS = (
					"$(inherited)",
					"@executable_path/Frameworks",
				);
				PRODUCT_BUNDLE_IDENTIFIER = hsumax.MonopolyGame;
				PRODUCT_NAME = "$(TARGET_NAME)";
				SWIFT_OPTIMIZATION_LEVEL = "-Onone";
				SWIFT_VERSION = 5.0;
				TARGETED_DEVICE_FAMILY = "1,2";
			};
			name = Debug;
		};
		3DD018B72672500E00C7E4EC /* Release */ = {
			isa = XCBuildConfiguration;
			baseConfigurationReference = C711E027E57D16B3A6683731 /* Pods-MonopolyGame.release.xcconfig */;
			buildSettings = {
				ASSETCATALOG_COMPILER_APPICON_NAME = AppIcon;
				ASSETCATALOG_COMPILER_GLOBAL_ACCENT_COLOR_NAME = AccentColor;
				CLANG_ENABLE_MODULES = YES;
				CODE_SIGN_STYLE = Automatic;
				DEVELOPMENT_ASSET_PATHS = "\"MonopolyGame/Preview Content\"";
				DEVELOPMENT_TEAM = HS7484V4CG;
				ENABLE_PREVIEWS = YES;
				INFOPLIST_FILE = MonopolyGame/Info.plist;
				IPHONEOS_DEPLOYMENT_TARGET = 14.0;
				LD_RUNPATH_SEARCH_PATHS = (
					"$(inherited)",
					"@executable_path/Frameworks",
				);
				PRODUCT_BUNDLE_IDENTIFIER = hsumax.MonopolyGame;
				PRODUCT_NAME = "$(TARGET_NAME)";
				SWIFT_VERSION = 5.0;
				TARGETED_DEVICE_FAMILY = "1,2";
			};
			name = Release;
		};
/* End XCBuildConfiguration section */

/* Begin XCConfigurationList section */
		3DD018A12672500A00C7E4EC /* Build configuration list for PBXProject "MonopolyGame" */ = {
			isa = XCConfigurationList;
			buildConfigurations = (
				3DD018B32672500E00C7E4EC /* Debug */,
				3DD018B42672500E00C7E4EC /* Release */,
			);
			defaultConfigurationIsVisible = 0;
			defaultConfigurationName = Release;
		};
		3DD018B52672500E00C7E4EC /* Build configuration list for PBXNativeTarget "MonopolyGame" */ = {
			isa = XCConfigurationList;
			buildConfigurations = (
				3DD018B62672500E00C7E4EC /* Debug */,
				3DD018B72672500E00C7E4EC /* Release */,
			);
			defaultConfigurationIsVisible = 0;
			defaultConfigurationName = Release;
		};
/* End XCConfigurationList section */
	};
	rootObject = 3DD0189E2672500A00C7E4EC /* Project object */;
}
