// !$*UTF8*$!
{
	archiveVersion = 1;
	classes = {
	};
	objectVersion = 50;
	objects = {

/* Begin PBXBuildFile section */
		3D0007A0262663DD002B8390 /* ScorePage.swift in Sources */ = {isa = PBXBuildFile; fileRef = 3D00079F262663DD002B8390 /* ScorePage.swift */; };
		3D0007A726269402002B8390 /* cerrect_answer.mp3 in Resources */ = {isa = PBXBuildFile; fileRef = 3D0007A526269402002B8390 /* cerrect_answer.mp3 */; };
		3D0007A826269402002B8390 /* GuitarHouse-joshpan.mp3 in Resources */ = {isa = PBXBuildFile; fileRef = 3D0007A626269402002B8390 /* GuitarHouse-joshpan.mp3 */; };
		3D1A1BEA262051D4006397FB /* PageSwitch.swift in Sources */ = {isa = PBXBuildFile; fileRef = 3D1A1BE9262051D4006397FB /* PageSwitch.swift */; };
		3D1A1BEC262053F7006397FB /* GamePage.swift in Sources */ = {isa = PBXBuildFile; fileRef = 3D1A1BEB262053F7006397FB /* GamePage.swift */; };
		3D1A1BF026209EFD006397FB /* testOritation.swift in Sources */ = {isa = PBXBuildFile; fileRef = 3D1A1BEF26209EFD006397FB /* testOritation.swift */; };
		3D1A1BF42621C1C8006397FB /* helperFunc.swift in Sources */ = {isa = PBXBuildFile; fileRef = 3D1A1BF32621C1C8006397FB /* helperFunc.swift */; };
		3D4A28A8262B5989005E4FA2 /* SavePhotoPage.swift in Sources */ = {isa = PBXBuildFile; fileRef = 3D4A28A7262B5989005E4FA2 /* SavePhotoPage.swift */; };
		3D579FB6261EFC7900BA7F43 /* gesture_alphabetGameApp.swift in Sources */ = {isa = PBXBuildFile; fileRef = 3D579FB5261EFC7900BA7F43 /* gesture_alphabetGameApp.swift */; };
		3D579FB8261EFC7900BA7F43 /* HomePage.swift in Sources */ = {isa = PBXBuildFile; fileRef = 3D579FB7261EFC7900BA7F43 /* HomePage.swift */; };
		3D579FBA261EFC7B00BA7F43 /* Assets.xcassets in Resources */ = {isa = PBXBuildFile; fileRef = 3D579FB9261EFC7B00BA7F43 /* Assets.xcassets */; };
		3D579FBD261EFC7B00BA7F43 /* Preview Assets.xcassets in Resources */ = {isa = PBXBuildFile; fileRef = 3D579FBC261EFC7B00BA7F43 /* Preview Assets.xcassets */; };
		3D579FC5261F2B2E00BA7F43 /* Vocabulary.swift in Sources */ = {isa = PBXBuildFile; fileRef = 3D579FC4261F2B2E00BA7F43 /* Vocabulary.swift */; };
		3D579FC8261F2C2100BA7F43 /* Record.swift in Sources */ = {isa = PBXBuildFile; fileRef = 3D579FC7261F2C2100BA7F43 /* Record.swift */; };
		3D5F268C2628BE0B00963427 /* AVPlayer_Extensions.swift in Sources */ = {isa = PBXBuildFile; fileRef = 3D5F268B2628BE0B00963427 /* AVPlayer_Extensions.swift */; };
		3D5F26902628C32A00963427 /* error_answer.mp3 in Resources */ = {isa = PBXBuildFile; fileRef = 3D5F268F2628C32A00963427 /* error_answer.mp3 */; };
		3DF6F612262A311600BAB691 /* ImageSave.swift in Sources */ = {isa = PBXBuildFile; fileRef = 3DF6F611262A311600BAB691 /* ImageSave.swift */; };
/* End PBXBuildFile section */

/* Begin PBXFileReference section */
		3D00079F262663DD002B8390 /* ScorePage.swift */ = {isa = PBXFileReference; lastKnownFileType = sourcecode.swift; path = ScorePage.swift; sourceTree = "<group>"; };
		3D0007A526269402002B8390 /* cerrect_answer.mp3 */ = {isa = PBXFileReference; lastKnownFileType = audio.mp3; path = cerrect_answer.mp3; sourceTree = "<group>"; };
		3D0007A626269402002B8390 /* GuitarHouse-joshpan.mp3 */ = {isa = PBXFileReference; lastKnownFileType = audio.mp3; path = "GuitarHouse-joshpan.mp3"; sourceTree = "<group>"; };
		3D1A1BE9262051D4006397FB /* PageSwitch.swift */ = {isa = PBXFileReference; lastKnownFileType = sourcecode.swift; path = PageSwitch.swift; sourceTree = "<group>"; };
		3D1A1BEB262053F7006397FB /* GamePage.swift */ = {isa = PBXFileReference; lastKnownFileType = sourcecode.swift; path = GamePage.swift; sourceTree = "<group>"; };
		3D1A1BEF26209EFD006397FB /* testOritation.swift */ = {isa = PBXFileReference; lastKnownFileType = sourcecode.swift; path = testOritation.swift; sourceTree = "<group>"; };
		3D1A1BF32621C1C8006397FB /* helperFunc.swift */ = {isa = PBXFileReference; lastKnownFileType = sourcecode.swift; path = helperFunc.swift; sourceTree = "<group>"; };
		3D4A28A7262B5989005E4FA2 /* SavePhotoPage.swift */ = {isa = PBXFileReference; fileEncoding = 4; lastKnownFileType = sourcecode.swift; path = SavePhotoPage.swift; sourceTree = "<group>"; };
		3D579FB2261EFC7900BA7F43 /* gesture-alphabetGame.app */ = {isa = PBXFileReference; explicitFileType = wrapper.application; includeInIndex = 0; path = "gesture-alphabetGame.app"; sourceTree = BUILT_PRODUCTS_DIR; };
		3D579FB5261EFC7900BA7F43 /* gesture_alphabetGameApp.swift */ = {isa = PBXFileReference; lastKnownFileType = sourcecode.swift; path = gesture_alphabetGameApp.swift; sourceTree = "<group>"; };
		3D579FB7261EFC7900BA7F43 /* HomePage.swift */ = {isa = PBXFileReference; lastKnownFileType = sourcecode.swift; path = HomePage.swift; sourceTree = "<group>"; };
		3D579FB9261EFC7B00BA7F43 /* Assets.xcassets */ = {isa = PBXFileReference; lastKnownFileType = folder.assetcatalog; path = Assets.xcassets; sourceTree = "<group>"; };
		3D579FBC261EFC7B00BA7F43 /* Preview Assets.xcassets */ = {isa = PBXFileReference; lastKnownFileType = folder.assetcatalog; path = "Preview Assets.xcassets"; sourceTree = "<group>"; };
		3D579FBE261EFC7B00BA7F43 /* Info.plist */ = {isa = PBXFileReference; lastKnownFileType = text.plist.xml; path = Info.plist; sourceTree = "<group>"; };
		3D579FC4261F2B2E00BA7F43 /* Vocabulary.swift */ = {isa = PBXFileReference; lastKnownFileType = sourcecode.swift; path = Vocabulary.swift; sourceTree = "<group>"; };
		3D579FC7261F2C2100BA7F43 /* Record.swift */ = {isa = PBXFileReference; lastKnownFileType = sourcecode.swift; path = Record.swift; sourceTree = "<group>"; };
		3D5F268B2628BE0B00963427 /* AVPlayer_Extensions.swift */ = {isa = PBXFileReference; lastKnownFileType = sourcecode.swift; path = AVPlayer_Extensions.swift; sourceTree = "<group>"; };
		3D5F268F2628C32A00963427 /* error_answer.mp3 */ = {isa = PBXFileReference; lastKnownFileType = audio.mp3; path = error_answer.mp3; sourceTree = "<group>"; };
		3DF6F611262A311600BAB691 /* ImageSave.swift */ = {isa = PBXFileReference; lastKnownFileType = sourcecode.swift; path = ImageSave.swift; sourceTree = "<group>"; };
/* End PBXFileReference section */

/* Begin PBXFrameworksBuildPhase section */
		3D579FAF261EFC7900BA7F43 /* Frameworks */ = {
			isa = PBXFrameworksBuildPhase;
			buildActionMask = 2147483647;
			files = (
			);
			runOnlyForDeploymentPostprocessing = 0;
		};
/* End PBXFrameworksBuildPhase section */

/* Begin PBXGroup section */
		3D1A1BCD261F3111006397FB /* ViewPages */ = {
			isa = PBXGroup;
			children = (
				3D1A1BE9262051D4006397FB /* PageSwitch.swift */,
				3D579FB7261EFC7900BA7F43 /* HomePage.swift */,
				3D1A1BEB262053F7006397FB /* GamePage.swift */,
				3D00079F262663DD002B8390 /* ScorePage.swift */,
				3D1A1BEF26209EFD006397FB /* testOritation.swift */,
				3D4A28A7262B5989005E4FA2 /* SavePhotoPage.swift */,
			);
			path = ViewPages;
			sourceTree = "<group>";
		};
		3D579FA9261EFC7900BA7F43 = {
			isa = PBXGroup;
			children = (
				3D579FB4261EFC7900BA7F43 /* gesture-alphabetGame */,
				3D579FB3261EFC7900BA7F43 /* Products */,
			);
			sourceTree = "<group>";
		};
		3D579FB3261EFC7900BA7F43 /* Products */ = {
			isa = PBXGroup;
			children = (
				3D579FB2261EFC7900BA7F43 /* gesture-alphabetGame.app */,
			);
			name = Products;
			sourceTree = "<group>";
		};
		3D579FB4261EFC7900BA7F43 /* gesture-alphabetGame */ = {
			isa = PBXGroup;
			children = (
				3D5F268A262869FF00963427 /* Resources */,
				3D1A1BCD261F3111006397FB /* ViewPages */,
				3D579FC6261F2BFC00BA7F43 /* Struction */,
				3D579FB5261EFC7900BA7F43 /* gesture_alphabetGameApp.swift */,
				3D579FB9261EFC7B00BA7F43 /* Assets.xcassets */,
				3D579FBE261EFC7B00BA7F43 /* Info.plist */,
				3D579FBB261EFC7B00BA7F43 /* Preview Content */,
				3D1A1BF32621C1C8006397FB /* helperFunc.swift */,
			);
			path = "gesture-alphabetGame";
			sourceTree = "<group>";
		};
		3D579FBB261EFC7B00BA7F43 /* Preview Content */ = {
			isa = PBXGroup;
			children = (
				3D579FBC261EFC7B00BA7F43 /* Preview Assets.xcassets */,
			);
			path = "Preview Content";
			sourceTree = "<group>";
		};
		3D579FC6261F2BFC00BA7F43 /* Struction */ = {
			isa = PBXGroup;
			children = (
				3D579FC4261F2B2E00BA7F43 /* Vocabulary.swift */,
				3D579FC7261F2C2100BA7F43 /* Record.swift */,
			);
			path = Struction;
			sourceTree = "<group>";
		};
		3D5F268A262869FF00963427 /* Resources */ = {
			isa = PBXGroup;
			children = (
				3D5F268F2628C32A00963427 /* error_answer.mp3 */,
				3D0007A526269402002B8390 /* cerrect_answer.mp3 */,
				3D0007A626269402002B8390 /* GuitarHouse-joshpan.mp3 */,
				3D5F268B2628BE0B00963427 /* AVPlayer_Extensions.swift */,
				3DF6F611262A311600BAB691 /* ImageSave.swift */,
			);
			path = Resources;
			sourceTree = "<group>";
		};
/* End PBXGroup section */

/* Begin PBXNativeTarget section */
		3D579FB1261EFC7900BA7F43 /* gesture-alphabetGame */ = {
			isa = PBXNativeTarget;
			buildConfigurationList = 3D579FC1261EFC7B00BA7F43 /* Build configuration list for PBXNativeTarget "gesture-alphabetGame" */;
			buildPhases = (
				3D579FAE261EFC7900BA7F43 /* Sources */,
				3D579FAF261EFC7900BA7F43 /* Frameworks */,
				3D579FB0261EFC7900BA7F43 /* Resources */,
			);
			buildRules = (
			);
			dependencies = (
			);
			name = "gesture-alphabetGame";
			productName = "gesture-alphabetGame";
			productReference = 3D579FB2261EFC7900BA7F43 /* gesture-alphabetGame.app */;
			productType = "com.apple.product-type.application";
		};
/* End PBXNativeTarget section */

/* Begin PBXProject section */
		3D579FAA261EFC7900BA7F43 /* Project object */ = {
			isa = PBXProject;
			attributes = {
				LastSwiftUpdateCheck = 1250;
				LastUpgradeCheck = 1250;
				TargetAttributes = {
					3D579FB1261EFC7900BA7F43 = {
						CreatedOnToolsVersion = 12.5;
					};
				};
			};
			buildConfigurationList = 3D579FAD261EFC7900BA7F43 /* Build configuration list for PBXProject "gesture-alphabetGame" */;
			compatibilityVersion = "Xcode 9.3";
			developmentRegion = en;
			hasScannedForEncodings = 0;
			knownRegions = (
				en,
				Base,
			);
			mainGroup = 3D579FA9261EFC7900BA7F43;
			productRefGroup = 3D579FB3261EFC7900BA7F43 /* Products */;
			projectDirPath = "";
			projectRoot = "";
			targets = (
				3D579FB1261EFC7900BA7F43 /* gesture-alphabetGame */,
			);
		};
/* End PBXProject section */

/* Begin PBXResourcesBuildPhase section */
		3D579FB0261EFC7900BA7F43 /* Resources */ = {
			isa = PBXResourcesBuildPhase;
			buildActionMask = 2147483647;
			files = (
				3D579FBD261EFC7B00BA7F43 /* Preview Assets.xcassets in Resources */,
				3D0007A826269402002B8390 /* GuitarHouse-joshpan.mp3 in Resources */,
				3D0007A726269402002B8390 /* cerrect_answer.mp3 in Resources */,
				3D579FBA261EFC7B00BA7F43 /* Assets.xcassets in Resources */,
				3D5F26902628C32A00963427 /* error_answer.mp3 in Resources */,
			);
			runOnlyForDeploymentPostprocessing = 0;
		};
/* End PBXResourcesBuildPhase section */

/* Begin PBXSourcesBuildPhase section */
		3D579FAE261EFC7900BA7F43 /* Sources */ = {
			isa = PBXSourcesBuildPhase;
			buildActionMask = 2147483647;
			files = (
				3D4A28A8262B5989005E4FA2 /* SavePhotoPage.swift in Sources */,
				3DF6F612262A311600BAB691 /* ImageSave.swift in Sources */,
				3D1A1BF42621C1C8006397FB /* helperFunc.swift in Sources */,
				3D579FB8261EFC7900BA7F43 /* HomePage.swift in Sources */,
				3D579FB6261EFC7900BA7F43 /* gesture_alphabetGameApp.swift in Sources */,
				3D5F268C2628BE0B00963427 /* AVPlayer_Extensions.swift in Sources */,
				3D579FC8261F2C2100BA7F43 /* Record.swift in Sources */,
				3D0007A0262663DD002B8390 /* ScorePage.swift in Sources */,
				3D1A1BEA262051D4006397FB /* PageSwitch.swift in Sources */,
				3D1A1BEC262053F7006397FB /* GamePage.swift in Sources */,
				3D579FC5261F2B2E00BA7F43 /* Vocabulary.swift in Sources */,
				3D1A1BF026209EFD006397FB /* testOritation.swift in Sources */,
			);
			runOnlyForDeploymentPostprocessing = 0;
		};
/* End PBXSourcesBuildPhase section */

/* Begin XCBuildConfiguration section */
		3D579FBF261EFC7B00BA7F43 /* Debug */ = {
			isa = XCBuildConfiguration;
			buildSettings = {
				ALWAYS_SEARCH_USER_PATHS = NO;
				CLANG_ANALYZER_NONNULL = YES;
				CLANG_ANALYZER_NUMBER_OBJECT_CONVERSION = YES_AGGRESSIVE;
				CLANG_CXX_LANGUAGE_STANDARD = "gnu++14";
				CLANG_CXX_LIBRARY = "libc++";
				CLANG_ENABLE_MODULES = YES;
				CLANG_ENABLE_OBJC_ARC = YES;
				CLANG_ENABLE_OBJC_WEAK = YES;
				CLANG_WARN_BLOCK_CAPTURE_AUTORELEASING = YES;
				CLANG_WARN_BOOL_CONVERSION = YES;
				CLANG_WARN_COMMA = YES;
				CLANG_WARN_CONSTANT_CONVERSION = YES;
				CLANG_WARN_DEPRECATED_OBJC_IMPLEMENTATIONS = YES;
				CLANG_WARN_DIRECT_OBJC_ISA_USAGE = YES_ERROR;
				CLANG_WARN_DOCUMENTATION_COMMENTS = YES;
				CLANG_WARN_EMPTY_BODY = YES;
				CLANG_WARN_ENUM_CONVERSION = YES;
				CLANG_WARN_INFINITE_RECURSION = YES;
				CLANG_WARN_INT_CONVERSION = YES;
				CLANG_WARN_NON_LITERAL_NULL_CONVERSION = YES;
				CLANG_WARN_OBJC_IMPLICIT_RETAIN_SELF = YES;
				CLANG_WARN_OBJC_LITERAL_CONVERSION = YES;
				CLANG_WARN_OBJC_ROOT_CLASS = YES_ERROR;
				CLANG_WARN_QUOTED_INCLUDE_IN_FRAMEWORK_HEADER = YES;
				CLANG_WARN_RANGE_LOOP_ANALYSIS = YES;
				CLANG_WARN_STRICT_PROTOTYPES = YES;
				CLANG_WARN_SUSPICIOUS_MOVE = YES;
				CLANG_WARN_UNGUARDED_AVAILABILITY = YES_AGGRESSIVE;
				CLANG_WARN_UNREACHABLE_CODE = YES;
				CLANG_WARN__DUPLICATE_METHOD_MATCH = YES;
				COPY_PHASE_STRIP = NO;
				DEBUG_INFORMATION_FORMAT = dwarf;
				ENABLE_STRICT_OBJC_MSGSEND = YES;
				ENABLE_TESTABILITY = YES;
				GCC_C_LANGUAGE_STANDARD = gnu11;
				GCC_DYNAMIC_NO_PIC = NO;
				GCC_NO_COMMON_BLOCKS = YES;
				GCC_OPTIMIZATION_LEVEL = 0;
				GCC_PREPROCESSOR_DEFINITIONS = (
					"DEBUG=1",
					"$(inherited)",
				);
				GCC_WARN_64_TO_32_BIT_CONVERSION = YES;
				GCC_WARN_ABOUT_RETURN_TYPE = YES_ERROR;
				GCC_WARN_UNDECLARED_SELECTOR = YES;
				GCC_WARN_UNINITIALIZED_AUTOS = YES_AGGRESSIVE;
				GCC_WARN_UNUSED_FUNCTION = YES;
				GCC_WARN_UNUSED_VARIABLE = YES;
				IPHONEOS_DEPLOYMENT_TARGET = 14.5;
				MTL_ENABLE_DEBUG_INFO = INCLUDE_SOURCE;
				MTL_FAST_MATH = YES;
				ONLY_ACTIVE_ARCH = YES;
				SDKROOT = iphoneos;
				SWIFT_ACTIVE_COMPILATION_CONDITIONS = DEBUG;
				SWIFT_OPTIMIZATION_LEVEL = "-Onone";
			};
			name = Debug;
		};
		3D579FC0261EFC7B00BA7F43 /* Release */ = {
			isa = XCBuildConfiguration;
			buildSettings = {
				ALWAYS_SEARCH_USER_PATHS = NO;
				CLANG_ANALYZER_NONNULL = YES;
				CLANG_ANALYZER_NUMBER_OBJECT_CONVERSION = YES_AGGRESSIVE;
				CLANG_CXX_LANGUAGE_STANDARD = "gnu++14";
				CLANG_CXX_LIBRARY = "libc++";
				CLANG_ENABLE_MODULES = YES;
				CLANG_ENABLE_OBJC_ARC = YES;
				CLANG_ENABLE_OBJC_WEAK = YES;
				CLANG_WARN_BLOCK_CAPTURE_AUTORELEASING = YES;
				CLANG_WARN_BOOL_CONVERSION = YES;
				CLANG_WARN_COMMA = YES;
				CLANG_WARN_CONSTANT_CONVERSION = YES;
				CLANG_WARN_DEPRECATED_OBJC_IMPLEMENTATIONS = YES;
				CLANG_WARN_DIRECT_OBJC_ISA_USAGE = YES_ERROR;
				CLANG_WARN_DOCUMENTATION_COMMENTS = YES;
				CLANG_WARN_EMPTY_BODY = YES;
				CLANG_WARN_ENUM_CONVERSION = YES;
				CLANG_WARN_INFINITE_RECURSION = YES;
				CLANG_WARN_INT_CONVERSION = YES;
				CLANG_WARN_NON_LITERAL_NULL_CONVERSION = YES;
				CLANG_WARN_OBJC_IMPLICIT_RETAIN_SELF = YES;
				CLANG_WARN_OBJC_LITERAL_CONVERSION = YES;
				CLANG_WARN_OBJC_ROOT_CLASS = YES_ERROR;
				CLANG_WARN_QUOTED_INCLUDE_IN_FRAMEWORK_HEADER = YES;
				CLANG_WARN_RANGE_LOOP_ANALYSIS = YES;
				CLANG_WARN_STRICT_PROTOTYPES = YES;
				CLANG_WARN_SUSPICIOUS_MOVE = YES;
				CLANG_WARN_UNGUARDED_AVAILABILITY = YES_AGGRESSIVE;
				CLANG_WARN_UNREACHABLE_CODE = YES;
				CLANG_WARN__DUPLICATE_METHOD_MATCH = YES;
				COPY_PHASE_STRIP = NO;
				DEBUG_INFORMATION_FORMAT = "dwarf-with-dsym";
				ENABLE_NS_ASSERTIONS = NO;
				ENABLE_STRICT_OBJC_MSGSEND = YES;
				GCC_C_LANGUAGE_STANDARD = gnu11;
				GCC_NO_COMMON_BLOCKS = YES;
				GCC_WARN_64_TO_32_BIT_CONVERSION = YES;
				GCC_WARN_ABOUT_RETURN_TYPE = YES_ERROR;
				GCC_WARN_UNDECLARED_SELECTOR = YES;
				GCC_WARN_UNINITIALIZED_AUTOS = YES_AGGRESSIVE;
				GCC_WARN_UNUSED_FUNCTION = YES;
				GCC_WARN_UNUSED_VARIABLE = YES;
				IPHONEOS_DEPLOYMENT_TARGET = 14.5;
				MTL_ENABLE_DEBUG_INFO = NO;
				MTL_FAST_MATH = YES;
				SDKROOT = iphoneos;
				SWIFT_COMPILATION_MODE = wholemodule;
				SWIFT_OPTIMIZATION_LEVEL = "-O";
				VALIDATE_PRODUCT = YES;
			};
			name = Release;
		};
		3D579FC2261EFC7B00BA7F43 /* Debug */ = {
			isa = XCBuildConfiguration;
			buildSettings = {
				ASSETCATALOG_COMPILER_APPICON_NAME = AppIcon;
				ASSETCATALOG_COMPILER_GLOBAL_ACCENT_COLOR_NAME = AccentColor;
				CODE_SIGN_STYLE = Automatic;
				DEVELOPMENT_ASSET_PATHS = "\"gesture-alphabetGame/Preview Content\"";
				ENABLE_PREVIEWS = YES;
				INFOPLIST_FILE = "gesture-alphabetGame/Info.plist";
				IPHONEOS_DEPLOYMENT_TARGET = 14.0;
				LD_RUNPATH_SEARCH_PATHS = (
					"$(inherited)",
					"@executable_path/Frameworks",
				);
				PRODUCT_BUNDLE_IDENTIFIER = "hsumax.gesture-alphabetGame";
				PRODUCT_NAME = "$(TARGET_NAME)";
				SWIFT_VERSION = 5.0;
				TARGETED_DEVICE_FAMILY = "1,2";
			};
			name = Debug;
		};
		3D579FC3261EFC7B00BA7F43 /* Release */ = {
			isa = XCBuildConfiguration;
			buildSettings = {
				ASSETCATALOG_COMPILER_APPICON_NAME = AppIcon;
				ASSETCATALOG_COMPILER_GLOBAL_ACCENT_COLOR_NAME = AccentColor;
				CODE_SIGN_STYLE = Automatic;
				DEVELOPMENT_ASSET_PATHS = "\"gesture-alphabetGame/Preview Content\"";
				ENABLE_PREVIEWS = YES;
				INFOPLIST_FILE = "gesture-alphabetGame/Info.plist";
				IPHONEOS_DEPLOYMENT_TARGET = 14.0;
				LD_RUNPATH_SEARCH_PATHS = (
					"$(inherited)",
					"@executable_path/Frameworks",
				);
				PRODUCT_BUNDLE_IDENTIFIER = "hsumax.gesture-alphabetGame";
				PRODUCT_NAME = "$(TARGET_NAME)";
				SWIFT_VERSION = 5.0;
				TARGETED_DEVICE_FAMILY = "1,2";
			};
			name = Release;
		};
/* End XCBuildConfiguration section */

/* Begin XCConfigurationList section */
		3D579FAD261EFC7900BA7F43 /* Build configuration list for PBXProject "gesture-alphabetGame" */ = {
			isa = XCConfigurationList;
			buildConfigurations = (
				3D579FBF261EFC7B00BA7F43 /* Debug */,
				3D579FC0261EFC7B00BA7F43 /* Release */,
			);
			defaultConfigurationIsVisible = 0;
			defaultConfigurationName = Release;
		};
		3D579FC1261EFC7B00BA7F43 /* Build configuration list for PBXNativeTarget "gesture-alphabetGame" */ = {
			isa = XCConfigurationList;
			buildConfigurations = (
				3D579FC2261EFC7B00BA7F43 /* Debug */,
				3D579FC3261EFC7B00BA7F43 /* Release */,
			);
			defaultConfigurationIsVisible = 0;
			defaultConfigurationName = Release;
		};
/* End XCConfigurationList section */
	};
	rootObject = 3D579FAA261EFC7900BA7F43 /* Project object */;
}
